
Microsoft Visual Studio Solution File, Format Version 12.00
# Visual Studio Version 16
VisualStudioVersion = 16.0.31829.152
MinimumVisualStudioVersion = 10.0.40219.1
Project("{9A19103F-16F7-4668-BE54-9A1E7A4F7556}") = "blazorsvr", "blazorsvr\blazorsvr.csproj", "{94EB2E74-D835-46C3-968B-EE14F3247383}"
EndProject
Global
	GlobalSection(SolutionConfigurationPlatforms) = preSolution
		Debug|Any CPU = Debug|Any CPU
		Release|Any CPU = Release|Any CPU
	EndGlobalSection
	GlobalSection(ProjectConfigurationPlatforms) = postSolution
		{94EB2E74-D835-46C3-968B-EE14F3247383}.Debug|Any CPU.ActiveCfg = Debug|Any CPU
		{94EB2E74-D835-46C3-968B-EE14F3247383}.Debug|Any CPU.Build.0 = Debug|Any CPU
		{94EB2E74-D835-46C3-968B-EE14F3247383}.Release|Any CPU.ActiveCfg = Release|Any CPU
		{94EB2E74-D835-46C3-968B-EE14F3247383}.Release|Any CPU.Build.0 = Release|Any CPU
	EndGlobalSection
	GlobalSection(SolutionProperties) = preSolution
		HideSolutionNode = FALSE
	EndGlobalSection
	GlobalSection(ExtensibilityGlobals) = postSolution
		SolutionGuid = {BAFF9611-BAC0-4A79-98E9-97D509C2DF8B}
	EndGlobalSection
EndGlobal
